
Microsoft Visual Studio Solution File, Format Version 12.00
# Visual Studio Version 16
VisualStudioVersion = 16.0.30114.105
MinimumVisualStudioVersion = 10.0.40219.1
Project("{FAE04EC0-301F-11D3-BF4B-00C04F79EFBC}") = "ScoreCardTest", "ScoreCardTest\ScoreCardTest.csproj", "{2B9074FD-B61A-4B28-A5E3-5DA569791DD1}"
EndProject
Project("{FAE04EC0-301F-11D3-BF4B-00C04F79EFBC}") = "ScoreCard", "ScoreCard\ScoreCard.csproj", "{61E4AAAC-1ECF-46BA-9C52-ACB002E189A5}"
EndProject
Global
	GlobalSection(SolutionConfigurationPlatforms) = preSolution
		Debug|Any CPU = Debug|Any CPU
		Release|Any CPU = Release|Any CPU
	EndGlobalSection
	GlobalSection(SolutionProperties) = preSolution
		HideSolutionNode = FALSE
	EndGlobalSection
	GlobalSection(ProjectConfigurationPlatforms) = postSolution
		{2B9074FD-B61A-4B28-A5E3-5DA569791DD1}.Debug|Any CPU.ActiveCfg = Debug|Any CPU
		{2B9074FD-B61A-4B28-A5E3-5DA569791DD1}.Debug|Any CPU.Build.0 = Debug|Any CPU
		{2B9074FD-B61A-4B28-A5E3-5DA569791DD1}.Release|Any CPU.ActiveCfg = Release|Any CPU
		{2B9074FD-B61A-4B28-A5E3-5DA569791DD1}.Release|Any CPU.Build.0 = Release|Any CPU
		{61E4AAAC-1ECF-46BA-9C52-ACB002E189A5}.Debug|Any CPU.ActiveCfg = Debug|Any CPU
		{61E4AAAC-1ECF-46BA-9C52-ACB002E189A5}.Debug|Any CPU.Build.0 = Debug|Any CPU
		{61E4AAAC-1ECF-46BA-9C52-ACB002E189A5}.Release|Any CPU.ActiveCfg = Release|Any CPU
		{61E4AAAC-1ECF-46BA-9C52-ACB002E189A5}.Release|Any CPU.Build.0 = Release|Any CPU
	EndGlobalSection
EndGlobal
